// !$*UTF8*$!
{
	archiveVersion = 1;
	classes = {
	};
	objectVersion = 50;
	objects = {

/* Begin PBXBuildFile section */
		2F9CDF6BFBB128461C38D69E /* Pods_KGestureViewDemo.framework in Frameworks */ = {isa = PBXBuildFile; fileRef = 30A2A34B5EAFFC60DAC94E21 /* Pods_KGestureViewDemo.framework */; };
		31AA446124FC915F00A06126 /* AppDelegate.m in Sources */ = {isa = PBXBuildFile; fileRef = 31AA446024FC915F00A06126 /* AppDelegate.m */; };
		31AA446424FC915F00A06126 /* SceneDelegate.m in Sources */ = {isa = PBXBuildFile; fileRef = 31AA446324FC915F00A06126 /* SceneDelegate.m */; };
		31AA446724FC915F00A06126 /* ViewController.m in Sources */ = {isa = PBXBuildFile; fileRef = 31AA446624FC915F00A06126 /* ViewController.m */; };
		31AA446A24FC915F00A06126 /* Main.storyboard in Resources */ = {isa = PBXBuildFile; fileRef = 31AA446824FC915F00A06126 /* Main.storyboard */; };
		31AA446C24FC916400A06126 /* Assets.xcassets in Resources */ = {isa = PBXBuildFile; fileRef = 31AA446B24FC916400A06126 /* Assets.xcassets */; };
		31AA446F24FC916400A06126 /* LaunchScreen.storyboard in Resources */ = {isa = PBXBuildFile; fileRef = 31AA446D24FC916400A06126 /* LaunchScreen.storyboard */; };
		31AA447224FC916400A06126 /* main.m in Sources */ = {isa = PBXBuildFile; fileRef = 31AA447124FC916400A06126 /* main.m */; };
/* End PBXBuildFile section */

/* Begin PBXFileReference section */
		30A2A34B5EAFFC60DAC94E21 /* Pods_KGestureViewDemo.framework */ = {isa = PBXFileReference; explicitFileType = wrapper.framework; includeInIndex = 0; path = Pods_KGestureViewDemo.framework; sourceTree = BUILT_PRODUCTS_DIR; };
		31AA445C24FC915F00A06126 /* KGestureViewDemo.app */ = {isa = PBXFileReference; explicitFileType = wrapper.application; includeInIndex = 0; path = KGestureViewDemo.app; sourceTree = BUILT_PRODUCTS_DIR; };
		31AA445F24FC915F00A06126 /* AppDelegate.h */ = {isa = PBXFileReference; lastKnownFileType = sourcecode.c.h; path = AppDelegate.h; sourceTree = "<group>"; };
		31AA446024FC915F00A06126 /* AppDelegate.m */ = {isa = PBXFileReference; lastKnownFileType = sourcecode.c.objc; path = AppDelegate.m; sourceTree = "<group>"; };
		31AA446224FC915F00A06126 /* SceneDelegate.h */ = {isa = PBXFileReference; lastKnownFileType = sourcecode.c.h; path = SceneDelegate.h; sourceTree = "<group>"; };
		31AA446324FC915F00A06126 /* SceneDelegate.m */ = {isa = PBXFileReference; lastKnownFileType = sourcecode.c.objc; path = SceneDelegate.m; sourceTree = "<group>"; };
		31AA446524FC915F00A06126 /* ViewController.h */ = {isa = PBXFileReference; lastKnownFileType = sourcecode.c.h; path = ViewController.h; sourceTree = "<group>"; };
		31AA446624FC915F00A06126 /* ViewController.m */ = {isa = PBXFileReference; lastKnownFileType = sourcecode.c.objc; path = ViewController.m; sourceTree = "<group>"; };
		31AA446924FC915F00A06126 /* Base */ = {isa = PBXFileReference; lastKnownFileType = file.storyboard; name = Base; path = Base.lproj/Main.storyboard; sourceTree = "<group>"; };
		31AA446B24FC916400A06126 /* Assets.xcassets */ = {isa = PBXFileReference; lastKnownFileType = folder.assetcatalog; path = Assets.xcassets; sourceTree = "<group>"; };
		31AA446E24FC916400A06126 /* Base */ = {isa = PBXFileReference; lastKnownFileType = file.storyboard; name = Base; path = Base.lproj/LaunchScreen.storyboard; sourceTree = "<group>"; };
		31AA447024FC916400A06126 /* Info.plist */ = {isa = PBXFileReference; lastKnownFileType = text.plist.xml; path = Info.plist; sourceTree = "<group>"; };
		31AA447124FC916400A06126 /* main.m */ = {isa = PBXFileReference; lastKnownFileType = sourcecode.c.objc; path = main.m; sourceTree = "<group>"; };
		901000EE58E82F92E8F49D0F /* Pods-KGestureViewDemo.release.xcconfig */ = {isa = PBXFileReference; includeInIndex = 1; lastKnownFileType = text.xcconfig; name = "Pods-KGestureViewDemo.release.xcconfig"; path = "Target Support Files/Pods-KGestureViewDemo/Pods-KGestureViewDemo.release.xcconfig"; sourceTree = "<group>"; };
		F098276CD09A9E0A4892FF95 /* Pods-KGestureViewDemo.debug.xcconfig */ = {isa = PBXFileReference; includeInIndex = 1; lastKnownFileType = text.xcconfig; name = "Pods-KGestureViewDemo.debug.xcconfig"; path = "Target Support Files/Pods-KGestureViewDemo/Pods-KGestureViewDemo.debug.xcconfig"; sourceTree = "<group>"; };
/* End PBXFileReference section */

/* Begin PBXFrameworksBuildPhase section */
		31AA445924FC915F00A06126 /* Frameworks */ = {
			isa = PBXFrameworksBuildPhase;
			buildActionMask = 2147483647;
			files = (
				2F9CDF6BFBB128461C38D69E /* Pods_KGestureViewDemo.framework in Frameworks */,
			);
			runOnlyForDeploymentPostprocessing = 0;
		};
/* End PBXFrameworksBuildPhase section */

/* Begin PBXGroup section */
		31AA445324FC915F00A06126 = {
			isa = PBXGroup;
			children = (
				31AA445E24FC915F00A06126 /* KGestureViewDemo */,
				31AA445D24FC915F00A06126 /* Products */,
				B78BBA4C56D88D08A2AD6585 /* Pods */,
				59C1B1B7BCCE059F7DCF5D70 /* Frameworks */,
			);
			sourceTree = "<group>";
		};
		31AA445D24FC915F00A06126 /* Products */ = {
			isa = PBXGroup;
			children = (
				31AA445C24FC915F00A06126 /* KGestureViewDemo.app */,
			);
			name = Products;
			sourceTree = "<group>";
		};
		31AA445E24FC915F00A06126 /* KGestureViewDemo */ = {
			isa = PBXGroup;
			children = (
				31AA445F24FC915F00A06126 /* AppDelegate.h */,
				31AA446024FC915F00A06126 /* AppDelegate.m */,
				31AA446224FC915F00A06126 /* SceneDelegate.h */,
				31AA446324FC915F00A06126 /* SceneDelegate.m */,
				31AA446524FC915F00A06126 /* ViewController.h */,
				31AA446624FC915F00A06126 /* ViewController.m */,
				31AA446824FC915F00A06126 /* Main.storyboard */,
				31AA446B24FC916400A06126 /* Assets.xcassets */,
				31AA446D24FC916400A06126 /* LaunchScreen.storyboard */,
				31AA447024FC916400A06126 /* Info.plist */,
				31AA447124FC916400A06126 /* main.m */,
			);
			path = KGestureViewDemo;
			sourceTree = "<group>";
		};
		59C1B1B7BCCE059F7DCF5D70 /* Frameworks */ = {
			isa = PBXGroup;
			children = (
				30A2A34B5EAFFC60DAC94E21 /* Pods_KGestureViewDemo.framework */,
			);
			name = Frameworks;
			sourceTree = "<group>";
		};
		B78BBA4C56D88D08A2AD6585 /* Pods */ = {
			isa = PBXGroup;
			children = (
				F098276CD09A9E0A4892FF95 /* Pods-KGestureViewDemo.debug.xcconfig */,
				901000EE58E82F92E8F49D0F /* Pods-KGestureViewDemo.release.xcconfig */,
			);
			name = Pods;
			path = Pods;
			sourceTree = "<group>";
		};
/* End PBXGroup section */

/* Begin PBXNativeTarget section */
		31AA445B24FC915F00A06126 /* KGestureViewDemo */ = {
			isa = PBXNativeTarget;
			buildConfigurationList = 31AA447524FC916400A06126 /* Build configuration list for PBXNativeTarget "KGestureViewDemo" */;
			buildPhases = (
				099C53B2989E7504E29C2FB3 /* [CP] Check Pods Manifest.lock */,
				31AA445824FC915F00A06126 /* Sources */,
				31AA445924FC915F00A06126 /* Frameworks */,
				31AA445A24FC915F00A06126 /* Resources */,
				81A2E36318AC48AC63376B3D /* [CP] Embed Pods Frameworks */,
			);
			buildRules = (
			);
			dependencies = (
			);
			name = KGestureViewDemo;
			productName = KGestureViewDemo;
			productReference = 31AA445C24FC915F00A06126 /* KGestureViewDemo.app */;
			productType = "com.apple.product-type.application";
		};
/* End PBXNativeTarget section */

/* Begin PBXProject section */
		31AA445424FC915F00A06126 /* Project object */ = {
			isa = PBXProject;
			attributes = {
				LastUpgradeCheck = 1120;
				ORGANIZATIONNAME = "格尔软件";
				TargetAttributes = {
					31AA445B24FC915F00A06126 = {
						CreatedOnToolsVersion = 11.2;
					};
				};
			};
			buildConfigurationList = 31AA445724FC915F00A06126 /* Build configuration list for PBXProject "KGestureViewDemo" */;
			compatibilityVersion = "Xcode 9.3";
			developmentRegion = en;
			hasScannedForEncodings = 0;
			knownRegions = (
				en,
				Base,
			);
			mainGroup = 31AA445324FC915F00A06126;
			productRefGroup = 31AA445D24FC915F00A06126 /* Products */;
			projectDirPath = "";
			projectRoot = "";
			targets = (
				31AA445B24FC915F00A06126 /* KGestureViewDemo */,
			);
		};
/* End PBXProject section */

/* Begin PBXResourcesBuildPhase section */
		31AA445A24FC915F00A06126 /* Resources */ = {
			isa = PBXResourcesBuildPhase;
			buildActionMask = 2147483647;
			files = (
				31AA446F24FC916400A06126 /* LaunchScreen.storyboard in Resources */,
				31AA446C24FC916400A06126 /* Assets.xcassets in Resources */,
				31AA446A24FC915F00A06126 /* Main.storyboard in Resources */,
			);
			runOnlyForDeploymentPostprocessing = 0;
		};
/* End PBXResourcesBuildPhase section */

/* Begin PBXShellScriptBuildPhase section */
		099C53B2989E7504E29C2FB3 /* [CP] Check Pods Manifest.lock */ = {
			isa = PBXShellScriptBuildPhase;
			buildActionMask = 2147483647;
			files = (
			);
			inputFileListPaths = (
			);
			inputPaths = (
				"${PODS_PODFILE_DIR_PATH}/Podfile.lock",
				"${PODS_ROOT}/Manifest.lock",
			);
			name = "[CP] Check Pods Manifest.lock";
			outputFileListPaths = (
			);
			outputPaths = (
				"$(DERIVED_FILE_DIR)/Pods-KGestureViewDemo-checkManifestLockResult.txt",
			);
			runOnlyForDeploymentPostprocessing = 0;
			shellPath = /bin/sh;
			shellScript = "diff \"${PODS_PODFILE_DIR_PATH}/Podfile.lock\" \"${PODS_ROOT}/Manifest.lock\" > /dev/null\nif [ $? != 0 ] ; then\n    # print error to STDERR\n    echo \"error: The sandbox is not in sync with the Podfile.lock. Run 'pod install' or update your CocoaPods installation.\" >&2\n    exit 1\nfi\n# This output is used by Xcode 'outputs' to avoid re-running this script phase.\necho \"SUCCESS\" > \"${SCRIPT_OUTPUT_FILE_0}\"\n";
			showEnvVarsInLog = 0;
		};
		81A2E36318AC48AC63376B3D /* [CP] Embed Pods Frameworks */ = {
			isa = PBXShellScriptBuildPhase;
			buildActionMask = 2147483647;
			files = (
			);
			inputFileListPaths = (
				"${PODS_ROOT}/Target Support Files/Pods-KGestureViewDemo/Pods-KGestureViewDemo-frameworks-${CONFIGURATION}-input-files.xcfilelist",
			);
			name = "[CP] Embed Pods Frameworks";
			outputFileListPaths = (
				"${PODS_ROOT}/Target Support Files/Pods-KGestureViewDemo/Pods-KGestureViewDemo-frameworks-${CONFIGURATION}-output-files.xcfilelist",
			);
			runOnlyForDeploymentPostprocessing = 0;
			shellPath = /bin/sh;
			shellScript = "\"${PODS_ROOT}/Target Support Files/Pods-KGestureViewDemo/Pods-KGestureViewDemo-frameworks.sh\"\n";
			showEnvVarsInLog = 0;
		};
/* End PBXShellScriptBuildPhase section */

/* Begin PBXSourcesBuildPhase section */
		31AA445824FC915F00A06126 /* Sources */ = {
			isa = PBXSourcesBuildPhase;
			buildActionMask = 2147483647;
			files = (
				31AA446724FC915F00A06126 /* ViewController.m in Sources */,
				31AA446124FC915F00A06126 /* AppDelegate.m in Sources */,
				31AA447224FC916400A06126 /* main.m in Sources */,
				31AA446424FC915F00A06126 /* SceneDelegate.m in Sources */,
			);
			runOnlyForDeploymentPostprocessing = 0;
		};
/* End PBXSourcesBuildPhase section */

/* Begin PBXVariantGroup section */
		31AA446824FC915F00A06126 /* Main.storyboard */ = {
			isa = PBXVariantGroup;
			children = (
				31AA446924FC915F00A06126 /* Base */,
			);
			name = Main.storyboard;
			sourceTree = "<group>";
		};
		31AA446D24FC916400A06126 /* LaunchScreen.storyboard */ = {
			isa = PBXVariantGroup;
			children = (
				31AA446E24FC916400A06126 /* Base */,
			);
			name = LaunchScreen.storyboard;
			sourceTree = "<group>";
		};
/* End PBXVariantGroup section */

/* Begin XCBuildConfiguration section */
		31AA447324FC916400A06126 /* Debug */ = {
			isa = XCBuildConfiguration;
			buildSettings = {
				ALWAYS_SEARCH_USER_PATHS = NO;
				CLANG_ANALYZER_NONNULL = YES;
				CLANG_ANALYZER_NUMBER_OBJECT_CONVERSION = YES_AGGRESSIVE;
				CLANG_CXX_LANGUAGE_STANDARD = "gnu++14";
				CLANG_CXX_LIBRARY = "libc++";
				CLANG_ENABLE_MODULES = YES;
				CLANG_ENABLE_OBJC_ARC = YES;
				CLANG_ENABLE_OBJC_WEAK = YES;
				CLANG_WARN_BLOCK_CAPTURE_AUTORELEASING = YES;
				CLANG_WARN_BOOL_CONVERSION = YES;
				CLANG_WARN_COMMA = YES;
				CLANG_WARN_CONSTANT_CONVERSION = YES;
				CLANG_WARN_DEPRECATED_OBJC_IMPLEMENTATIONS = YES;
				CLANG_WARN_DIRECT_OBJC_ISA_USAGE = YES_ERROR;
				CLANG_WARN_DOCUMENTATION_COMMENTS = YES;
				CLANG_WARN_EMPTY_BODY = YES;
				CLANG_WARN_ENUM_CONVERSION = YES;
				CLANG_WARN_INFINITE_RECURSION = YES;
				CLANG_WARN_INT_CONVERSION = YES;
				CLANG_WARN_NON_LITERAL_NULL_CONVERSION = YES;
				CLANG_WARN_OBJC_IMPLICIT_RETAIN_SELF = YES;
				CLANG_WARN_OBJC_LITERAL_CONVERSION = YES;
				CLANG_WARN_OBJC_ROOT_CLASS = YES_ERROR;
				CLANG_WARN_RANGE_LOOP_ANALYSIS = YES;
				CLANG_WARN_STRICT_PROTOTYPES = YES;
				CLANG_WARN_SUSPICIOUS_MOVE = YES;
				CLANG_WARN_UNGUARDED_AVAILABILITY = YES_AGGRESSIVE;
				CLANG_WARN_UNREACHABLE_CODE = YES;
				CLANG_WARN__DUPLICATE_METHOD_MATCH = YES;
				COPY_PHASE_STRIP = NO;
				DEBUG_INFORMATION_FORMAT = dwarf;
				ENABLE_STRICT_OBJC_MSGSEND = YES;
				ENABLE_TESTABILITY = YES;
				GCC_C_LANGUAGE_STANDARD = gnu11;
				GCC_DYNAMIC_NO_PIC = NO;
				GCC_NO_COMMON_BLOCKS = YES;
				GCC_OPTIMIZATION_LEVEL = 0;
				GCC_PREPROCESSOR_DEFINITIONS = (
					"DEBUG=1",
					"$(inherited)",
				);
				GCC_WARN_64_TO_32_BIT_CONVERSION = YES;
				GCC_WARN_ABOUT_RETURN_TYPE = YES_ERROR;
				GCC_WARN_UNDECLARED_SELECTOR = YES;
				GCC_WARN_UNINITIALIZED_AUTOS = YES_AGGRESSIVE;
				GCC_WARN_UNUSED_FUNCTION = YES;
				GCC_WARN_UNUSED_VARIABLE = YES;
				IPHONEOS_DEPLOYMENT_TARGET = 13.2;
				MTL_ENABLE_DEBUG_INFO = INCLUDE_SOURCE;
				MTL_FAST_MATH = YES;
				ONLY_ACTIVE_ARCH = YES;
				SDKROOT = iphoneos;
			};
			name = Debug;
		};
		31AA447424FC916400A06126 /* Release */ = {
			isa = XCBuildConfiguration;
			buildSettings = {
				ALWAYS_SEARCH_USER_PATHS = NO;
				CLANG_ANALYZER_NONNULL = YES;
				CLANG_ANALYZER_NUMBER_OBJECT_CONVERSION = YES_AGGRESSIVE;
				CLANG_CXX_LANGUAGE_STANDARD = "gnu++14";
				CLANG_CXX_LIBRARY = "libc++";
				CLANG_ENABLE_MODULES = YES;
				CLANG_ENABLE_OBJC_ARC = YES;
				CLANG_ENABLE_OBJC_WEAK = YES;
				CLANG_WARN_BLOCK_CAPTURE_AUTORELEASING = YES;
				CLANG_WARN_BOOL_CONVERSION = YES;
				CLANG_WARN_COMMA = YES;
				CLANG_WARN_CONSTANT_CONVERSION = YES;
				CLANG_WARN_DEPRECATED_OBJC_IMPLEMENTATIONS = YES;
				CLANG_WARN_DIRECT_OBJC_ISA_USAGE = YES_ERROR;
				CLANG_WARN_DOCUMENTATION_COMMENTS = YES;
				CLANG_WARN_EMPTY_BODY = YES;
				CLANG_WARN_ENUM_CONVERSION = YES;
				CLANG_WARN_INFINITE_RECURSION = YES;
				CLANG_WARN_INT_CONVERSION = YES;
				CLANG_WARN_NON_LITERAL_NULL_CONVERSION = YES;
				CLANG_WARN_OBJC_IMPLICIT_RETAIN_SELF = YES;
				CLANG_WARN_OBJC_LITERAL_CONVERSION = YES;
				CLANG_WARN_OBJC_ROOT_CLASS = YES_ERROR;
				CLANG_WARN_RANGE_LOOP_ANALYSIS = YES;
				CLANG_WARN_STRICT_PROTOTYPES = YES;
				CLANG_WARN_SUSPICIOUS_MOVE = YES;
				CLANG_WARN_UNGUARDED_AVAILABILITY = YES_AGGRESSIVE;
				CLANG_WARN_UNREACHABLE_CODE = YES;
				CLANG_WARN__DUPLICATE_METHOD_MATCH = YES;
				COPY_PHASE_STRIP = NO;
				DEBUG_INFORMATION_FORMAT = "dwarf-with-dsym";
				ENABLE_NS_ASSERTIONS = NO;
				ENABLE_STRICT_OBJC_MSGSEND = YES;
				GCC_C_LANGUAGE_STANDARD = gnu11;
				GCC_NO_COMMON_BLOCKS = YES;
				GCC_WARN_64_TO_32_BIT_CONVERSION = YES;
				GCC_WARN_ABOUT_RETURN_TYPE = YES_ERROR;
				GCC_WARN_UNDECLARED_SELECTOR = YES;
				GCC_WARN_UNINITIALIZED_AUTOS = YES_AGGRESSIVE;
				GCC_WARN_UNUSED_FUNCTION = YES;
				GCC_WARN_UNUSED_VARIABLE = YES;
				IPHONEOS_DEPLOYMENT_TARGET = 13.2;
				MTL_ENABLE_DEBUG_INFO = NO;
				MTL_FAST_MATH = YES;
				SDKROOT = iphoneos;
				VALIDATE_PRODUCT = YES;
			};
			name = Release;
		};
		31AA447624FC916400A06126 /* Debug */ = {
			isa = XCBuildConfiguration;
			baseConfigurationReference = F098276CD09A9E0A4892FF95 /* Pods-KGestureViewDemo.debug.xcconfig */;
			buildSettings = {
				ASSETCATALOG_COMPILER_APPICON_NAME = AppIcon;
				CODE_SIGN_STYLE = Automatic;
				DEVELOPMENT_TEAM = 4FVYCZP7N5;
				INFOPLIST_FILE = KGestureViewDemo/Info.plist;
				LD_RUNPATH_SEARCH_PATHS = (
					"$(inherited)",
					"@executable_path/Frameworks",
				);
				PRODUCT_BUNDLE_IDENTIFIER = Koal.KGestureViewDemo;
				PRODUCT_NAME = "$(TARGET_NAME)";
				TARGETED_DEVICE_FAMILY = "1,2";
			};
			name = Debug;
		};
		31AA447724FC916400A06126 /* Release */ = {
			isa = XCBuildConfiguration;
			baseConfigurationReference = 901000EE58E82F92E8F49D0F /* Pods-KGestureViewDemo.release.xcconfig */;
			buildSettings = {
				ASSETCATALOG_COMPILER_APPICON_NAME = AppIcon;
				CODE_SIGN_STYLE = Automatic;
				DEVELOPMENT_TEAM = 4FVYCZP7N5;
				INFOPLIST_FILE = KGestureViewDemo/Info.plist;
				LD_RUNPATH_SEARCH_PATHS = (
					"$(inherited)",
					"@executable_path/Frameworks",
				);
				PRODUCT_BUNDLE_IDENTIFIER = Koal.KGestureViewDemo;
				PRODUCT_NAME = "$(TARGET_NAME)";
				TARGETED_DEVICE_FAMILY = "1,2";
			};
			name = Release;
		};
/* End XCBuildConfiguration section */

/* Begin XCConfigurationList section */
		31AA445724FC915F00A06126 /* Build configuration list for PBXProject "KGestureViewDemo" */ = {
			isa = XCConfigurationList;
			buildConfigurations = (
				31AA447324FC916400A06126 /* Debug */,
				31AA447424FC916400A06126 /* Release */,
			);
			defaultConfigurationIsVisible = 0;
			defaultConfigurationName = Release;
		};
		31AA447524FC916400A06126 /* Build configuration list for PBXNativeTarget "KGestureViewDemo" */ = {
			isa = XCConfigurationList;
			buildConfigurations = (
				31AA447624FC916400A06126 /* Debug */,
				31AA447724FC916400A06126 /* Release */,
			);
			defaultConfigurationIsVisible = 0;
			defaultConfigurationName = Release;
		};
/* End XCConfigurationList section */
	};
	rootObject = 31AA445424FC915F00A06126 /* Project object */;
}
